
Microsoft Visual Studio Solution File, Format Version 12.00
# Visual Studio Version 16
VisualStudioVersion = 16.0.808.6
MinimumVisualStudioVersion = 10.0.40219.1
Project("{FAE04EC0-301F-11D3-BF4B-00C04F79EFBC}") = "flyingDutchmana", "flyingDutchmana\flyingDutchmana.csproj", "{6754AD1F-56F6-4402-84AF-C5410D3551BF}"
EndProject
Global
	GlobalSection(SolutionConfigurationPlatforms) = preSolution
		Debug|Any CPU = Debug|Any CPU
		Release|Any CPU = Release|Any CPU
	EndGlobalSection
	GlobalSection(ProjectConfigurationPlatforms) = postSolution
		{6754AD1F-56F6-4402-84AF-C5410D3551BF}.Debug|Any CPU.ActiveCfg = Debug|Any CPU
		{6754AD1F-56F6-4402-84AF-C5410D3551BF}.Debug|Any CPU.Build.0 = Debug|Any CPU
		{6754AD1F-56F6-4402-84AF-C5410D3551BF}.Release|Any CPU.ActiveCfg = Release|Any CPU
		{6754AD1F-56F6-4402-84AF-C5410D3551BF}.Release|Any CPU.Build.0 = Release|Any CPU
	EndGlobalSection
	GlobalSection(SolutionProperties) = preSolution
		HideSolutionNode = FALSE
	EndGlobalSection
	GlobalSection(ExtensibilityGlobals) = postSolution
		SolutionGuid = {69B36EAB-AFC6-45E2-9378-C26FD8AFF5BA}
	EndGlobalSection
EndGlobal
